
Microsoft Visual Studio Solution File, Format Version 12.00
# Visual Studio Version 16
VisualStudioVersion = 16.0.30907.101
MinimumVisualStudioVersion = 10.0.40219.1
Project("{8BC9CEB8-8B4A-11D0-8D11-00A0C91BC942}") = "ConsoleApplication1", "ConsoleApplication1\ConsoleApplication1.vcxproj", "{7912FAA0-6C98-4EEF-9B6E-B4F9874F03EE}"
	ProjectSection(ProjectDependencies) = postProject
		{EA14AF4F-31EE-453D-A525-55C0F18B4D32} = {EA14AF4F-31EE-453D-A525-55C0F18B4D32}
	EndProjectSection
EndProject
Project("{8BC9CEB8-8B4A-11D0-8D11-00A0C91BC942}") = "SvcConfig", "SvcConfig\SvcConfig.vcxproj", "{0CC099FD-90D2-4077-95AB-E44F9895E9BA}"
EndProject
Project("{8BC9CEB8-8B4A-11D0-8D11-00A0C91BC942}") = "SvcControl", "SvcControl\SvcControl.vcxproj", "{6E2BEEBF-6391-49FB-A6DB-84FF308CB75F}"
EndProject
Project("{8BC9CEB8-8B4A-11D0-8D11-00A0C91BC942}") = "Svc", "Svc\Svc.vcxproj", "{C40F2D16-9BA7-4F60-8539-E78BA58EFBBF}"
	ProjectSection(ProjectDependencies) = postProject
		{3E29FEFA-CC8E-4ED1-A029-C2D993835486} = {3E29FEFA-CC8E-4ED1-A029-C2D993835486}
	EndProjectSection
EndProject
Project("{2150E333-8FDC-42A3-9474-1A3956D46DE8}") = "Solution Items", "Solution Items", "{2F1EFCAA-B487-4FA0-8FC8-C5BBF3A2DC70}"
	ProjectSection(SolutionItems) = preProject
		.editorconfig = .editorconfig
		README.md = README.md
	EndProjectSection
EndProject
Project("{8BC9CEB8-8B4A-11D0-8D11-00A0C91BC942}") = "RegistryAccess", "RegistryAccess\RegistryAccess.vcxproj", "{EA14AF4F-31EE-453D-A525-55C0F18B4D32}"
EndProject
Project("{8BC9CEB8-8B4A-11D0-8D11-00A0C91BC942}") = "ServiceApplication1", "ServiceApplication1\ServiceApplication1.vcxproj", "{5D430E3F-1406-4592-A06B-7D865C5F0DA4}"
	ProjectSection(ProjectDependencies) = postProject
		{3E29FEFA-CC8E-4ED1-A029-C2D993835486} = {3E29FEFA-CC8E-4ED1-A029-C2D993835486}
	EndProjectSection
EndProject
Project("{8BC9CEB8-8B4A-11D0-8D11-00A0C91BC942}") = "MessageResource1", "MessageResource1\MessageResource1.vcxproj", "{8C2CB7D2-0B9E-4A5F-876E-80E81E889610}"
EndProject
Project("{8BC9CEB8-8B4A-11D0-8D11-00A0C91BC942}") = "MessageDriver1", "MessageDriver1\MessageDriver1.vcxproj", "{780225EC-CBD9-4F23-95D3-9D3ACF19D1B1}"
EndProject
Project("{8BC9CEB8-8B4A-11D0-8D11-00A0C91BC942}") = "EventViewerTest", "EventViewerTest\EventViewerTest.vcxproj", "{4F333AA1-79A3-4E9D-89E6-6B1623569989}"
	ProjectSection(ProjectDependencies) = postProject
		{3E29FEFA-CC8E-4ED1-A029-C2D993835486} = {3E29FEFA-CC8E-4ED1-A029-C2D993835486}
	EndProjectSection
EndProject
Project("{8BC9CEB8-8B4A-11D0-8D11-00A0C91BC942}") = "ServiceMessage", "ServiceMessage\ServiceMessage.vcxproj", "{3E29FEFA-CC8E-4ED1-A029-C2D993835486}"
EndProject
Project("{8BC9CEB8-8B4A-11D0-8D11-00A0C91BC942}") = "ServiceLogics", "ServiceLogics\ServiceLogics.vcxproj", "{D19FDF64-4DD3-46B2-BECC-B475D9B097D3}"
	ProjectSection(ProjectDependencies) = postProject
		{3E29FEFA-CC8E-4ED1-A029-C2D993835486} = {3E29FEFA-CC8E-4ED1-A029-C2D993835486}
	EndProjectSection
EndProject
Global
	GlobalSection(SolutionConfigurationPlatforms) = preSolution
		Debug|x64 = Debug|x64
		Debug|x86 = Debug|x86
		Release|x64 = Release|x64
		Release|x86 = Release|x86
	EndGlobalSection
	GlobalSection(ProjectConfigurationPlatforms) = postSolution
		{7912FAA0-6C98-4EEF-9B6E-B4F9874F03EE}.Debug|x64.ActiveCfg = Debug|x64
		{7912FAA0-6C98-4EEF-9B6E-B4F9874F03EE}.Debug|x64.Build.0 = Debug|x64
		{7912FAA0-6C98-4EEF-9B6E-B4F9874F03EE}.Debug|x86.ActiveCfg = Debug|x64
		{7912FAA0-6C98-4EEF-9B6E-B4F9874F03EE}.Release|x64.ActiveCfg = Release|x64
		{7912FAA0-6C98-4EEF-9B6E-B4F9874F03EE}.Release|x64.Build.0 = Release|x64
		{7912FAA0-6C98-4EEF-9B6E-B4F9874F03EE}.Release|x86.ActiveCfg = Release|x64
		{0CC099FD-90D2-4077-95AB-E44F9895E9BA}.Debug|x64.ActiveCfg = Debug|x64
		{0CC099FD-90D2-4077-95AB-E44F9895E9BA}.Debug|x64.Build.0 = Debug|x64
		{0CC099FD-90D2-4077-95AB-E44F9895E9BA}.Debug|x86.ActiveCfg = Debug|x64
		{0CC099FD-90D2-4077-95AB-E44F9895E9BA}.Release|x64.ActiveCfg = Release|x64
		{0CC099FD-90D2-4077-95AB-E44F9895E9BA}.Release|x64.Build.0 = Release|x64
		{0CC099FD-90D2-4077-95AB-E44F9895E9BA}.Release|x86.ActiveCfg = Release|x64
		{6E2BEEBF-6391-49FB-A6DB-84FF308CB75F}.Debug|x64.ActiveCfg = Debug|x64
		{6E2BEEBF-6391-49FB-A6DB-84FF308CB75F}.Debug|x64.Build.0 = Debug|x64
		{6E2BEEBF-6391-49FB-A6DB-84FF308CB75F}.Debug|x86.ActiveCfg = Debug|x64
		{6E2BEEBF-6391-49FB-A6DB-84FF308CB75F}.Release|x64.ActiveCfg = Release|x64
		{6E2BEEBF-6391-49FB-A6DB-84FF308CB75F}.Release|x64.Build.0 = Release|x64
		{6E2BEEBF-6391-49FB-A6DB-84FF308CB75F}.Release|x86.ActiveCfg = Release|x64
		{C40F2D16-9BA7-4F60-8539-E78BA58EFBBF}.Debug|x64.ActiveCfg = Debug|x64
		{C40F2D16-9BA7-4F60-8539-E78BA58EFBBF}.Debug|x64.Build.0 = Debug|x64
		{C40F2D16-9BA7-4F60-8539-E78BA58EFBBF}.Debug|x86.ActiveCfg = Debug|x64
		{C40F2D16-9BA7-4F60-8539-E78BA58EFBBF}.Release|x64.ActiveCfg = Release|x64
		{C40F2D16-9BA7-4F60-8539-E78BA58EFBBF}.Release|x64.Build.0 = Release|x64
		{C40F2D16-9BA7-4F60-8539-E78BA58EFBBF}.Release|x86.ActiveCfg = Release|x64
		{EA14AF4F-31EE-453D-A525-55C0F18B4D32}.Debug|x64.ActiveCfg = Debug|x64
		{EA14AF4F-31EE-453D-A525-55C0F18B4D32}.Debug|x64.Build.0 = Debug|x64
		{EA14AF4F-31EE-453D-A525-55C0F18B4D32}.Debug|x86.ActiveCfg = Debug|x64
		{EA14AF4F-31EE-453D-A525-55C0F18B4D32}.Release|x64.ActiveCfg = Release|x64
		{EA14AF4F-31EE-453D-A525-55C0F18B4D32}.Release|x64.Build.0 = Release|x64
		{EA14AF4F-31EE-453D-A525-55C0F18B4D32}.Release|x86.ActiveCfg = Release|x64
		{5D430E3F-1406-4592-A06B-7D865C5F0DA4}.Debug|x64.ActiveCfg = Debug|x64
		{5D430E3F-1406-4592-A06B-7D865C5F0DA4}.Debug|x64.Build.0 = Debug|x64
		{5D430E3F-1406-4592-A06B-7D865C5F0DA4}.Debug|x86.ActiveCfg = Debug|x64
		{5D430E3F-1406-4592-A06B-7D865C5F0DA4}.Release|x64.ActiveCfg = Release|x64
		{5D430E3F-1406-4592-A06B-7D865C5F0DA4}.Release|x64.Build.0 = Release|x64
		{5D430E3F-1406-4592-A06B-7D865C5F0DA4}.Release|x86.ActiveCfg = Release|x64
		{8C2CB7D2-0B9E-4A5F-876E-80E81E889610}.Debug|x64.ActiveCfg = Debug|x64
		{8C2CB7D2-0B9E-4A5F-876E-80E81E889610}.Debug|x64.Build.0 = Debug|x64
		{8C2CB7D2-0B9E-4A5F-876E-80E81E889610}.Debug|x86.ActiveCfg = Debug|x64
		{8C2CB7D2-0B9E-4A5F-876E-80E81E889610}.Release|x64.ActiveCfg = Release|x64
		{8C2CB7D2-0B9E-4A5F-876E-80E81E889610}.Release|x64.Build.0 = Release|x64
		{8C2CB7D2-0B9E-4A5F-876E-80E81E889610}.Release|x86.ActiveCfg = Release|x64
		{780225EC-CBD9-4F23-95D3-9D3ACF19D1B1}.Debug|x64.ActiveCfg = Debug|x64
		{780225EC-CBD9-4F23-95D3-9D3ACF19D1B1}.Debug|x64.Build.0 = Debug|x64
		{780225EC-CBD9-4F23-95D3-9D3ACF19D1B1}.Debug|x86.ActiveCfg = Debug|x64
		{780225EC-CBD9-4F23-95D3-9D3ACF19D1B1}.Release|x64.ActiveCfg = Release|x64
		{780225EC-CBD9-4F23-95D3-9D3ACF19D1B1}.Release|x64.Build.0 = Release|x64
		{780225EC-CBD9-4F23-95D3-9D3ACF19D1B1}.Release|x86.ActiveCfg = Release|x64
		{4F333AA1-79A3-4E9D-89E6-6B1623569989}.Debug|x64.ActiveCfg = Debug|x64
		{4F333AA1-79A3-4E9D-89E6-6B1623569989}.Debug|x64.Build.0 = Debug|x64
		{4F333AA1-79A3-4E9D-89E6-6B1623569989}.Debug|x86.ActiveCfg = Debug|Win32
		{4F333AA1-79A3-4E9D-89E6-6B1623569989}.Debug|x86.Build.0 = Debug|Win32
		{4F333AA1-79A3-4E9D-89E6-6B1623569989}.Release|x64.ActiveCfg = Release|x64
		{4F333AA1-79A3-4E9D-89E6-6B1623569989}.Release|x64.Build.0 = Release|x64
		{4F333AA1-79A3-4E9D-89E6-6B1623569989}.Release|x86.ActiveCfg = Release|Win32
		{4F333AA1-79A3-4E9D-89E6-6B1623569989}.Release|x86.Build.0 = Release|Win32
		{3E29FEFA-CC8E-4ED1-A029-C2D993835486}.Debug|x64.ActiveCfg = Debug|x64
		{3E29FEFA-CC8E-4ED1-A029-C2D993835486}.Debug|x64.Build.0 = Debug|x64
		{3E29FEFA-CC8E-4ED1-A029-C2D993835486}.Debug|x86.ActiveCfg = Debug|x64
		{3E29FEFA-CC8E-4ED1-A029-C2D993835486}.Release|x64.ActiveCfg = Release|x64
		{3E29FEFA-CC8E-4ED1-A029-C2D993835486}.Release|x64.Build.0 = Release|x64
		{3E29FEFA-CC8E-4ED1-A029-C2D993835486}.Release|x86.ActiveCfg = Release|x64
		{D19FDF64-4DD3-46B2-BECC-B475D9B097D3}.Debug|x64.ActiveCfg = Debug|x64
		{D19FDF64-4DD3-46B2-BECC-B475D9B097D3}.Debug|x64.Build.0 = Debug|x64
		{D19FDF64-4DD3-46B2-BECC-B475D9B097D3}.Debug|x86.ActiveCfg = Debug|x64
		{D19FDF64-4DD3-46B2-BECC-B475D9B097D3}.Release|x64.ActiveCfg = Release|x64
		{D19FDF64-4DD3-46B2-BECC-B475D9B097D3}.Release|x64.Build.0 = Release|x64
		{D19FDF64-4DD3-46B2-BECC-B475D9B097D3}.Release|x86.ActiveCfg = Release|x64
	EndGlobalSection
	GlobalSection(SolutionProperties) = preSolution
		HideSolutionNode = FALSE
	EndGlobalSection
	GlobalSection(ExtensibilityGlobals) = postSolution
		SolutionGuid = {FF0585AB-F1ED-4E69-A408-717356D6EA69}
	EndGlobalSection
EndGlobal
